
Microsoft Visual Studio Solution File, Format Version 12.00
# Visual Studio Version 17
VisualStudioVersion = 17.7.34031.279
MinimumVisualStudioVersion = 10.0.40219.1
Project("{8BC9CEB8-8B4A-11D0-8D11-00A0C91BC942}") = "l1z4n13", "l1z4n13\l1z4n13.vcxproj", "{F240374A-6A92-4528-A2A2-6FD7DB42BF19}"
EndProject
Global
	GlobalSection(SolutionConfigurationPlatforms) = preSolution
		Debug|x64 = Debug|x64
		Debug|x86 = Debug|x86
		Release|x64 = Release|x64
		Release|x86 = Release|x86
	EndGlobalSection
	GlobalSection(ProjectConfigurationPlatforms) = postSolution
		{F240374A-6A92-4528-A2A2-6FD7DB42BF19}.Debug|x64.ActiveCfg = Debug|x64
		{F240374A-6A92-4528-A2A2-6FD7DB42BF19}.Debug|x64.Build.0 = Debug|x64
		{F240374A-6A92-4528-A2A2-6FD7DB42BF19}.Debug|x86.ActiveCfg = Debug|Win32
		{F240374A-6A92-4528-A2A2-6FD7DB42BF19}.Debug|x86.Build.0 = Debug|Win32
		{F240374A-6A92-4528-A2A2-6FD7DB42BF19}.Release|x64.ActiveCfg = Release|x64
		{F240374A-6A92-4528-A2A2-6FD7DB42BF19}.Release|x64.Build.0 = Release|x64
		{F240374A-6A92-4528-A2A2-6FD7DB42BF19}.Release|x86.ActiveCfg = Release|Win32
		{F240374A-6A92-4528-A2A2-6FD7DB42BF19}.Release|x86.Build.0 = Release|Win32
	EndGlobalSection
	GlobalSection(SolutionProperties) = preSolution
		HideSolutionNode = FALSE
	EndGlobalSection
	GlobalSection(ExtensibilityGlobals) = postSolution
		SolutionGuid = {6B29C70B-22E9-461D-B5F1-CA04975B8671}
	EndGlobalSection
EndGlobal
